// !$*UTF8*$!
{
	archiveVersion = 1;
	classes = {
	};
	objectVersion = 46;
	objects = {

/* Begin PBXBuildFile section */
		DFF35288199ED8AA00226DB4 /* main.m in Sources */ = {isa = PBXBuildFile; fileRef = DFF35287199ED8AA00226DB4 /* main.m */; };
		DFF3528B199ED8AA00226DB4 /* AppDelegate.m in Sources */ = {isa = PBXBuildFile; fileRef = DFF3528A199ED8AA00226DB4 /* AppDelegate.m */; };
		DFF3528E199ED8AA00226DB4 /* ViewController.m in Sources */ = {isa = PBXBuildFile; fileRef = DFF3528D199ED8AA00226DB4 /* ViewController.m */; };
		DFF35291199ED8AA00226DB4 /* Main.storyboard in Resources */ = {isa = PBXBuildFile; fileRef = DFF3528F199ED8AA00226DB4 /* Main.storyboard */; };
		DFF35293199ED8AA00226DB4 /* Images.xcassets in Resources */ = {isa = PBXBuildFile; fileRef = DFF35292199ED8AA00226DB4 /* Images.xcassets */; };
		DFF3529F199ED8AA00226DB4 /* FirstIphoneAppTests.m in Sources */ = {isa = PBXBuildFile; fileRef = DFF3529E199ED8AA00226DB4 /* FirstIphoneAppTests.m */; };
/* End PBXBuildFile section */

/* Begin PBXContainerItemProxy section */
		DFF35299199ED8AA00226DB4 /* PBXContainerItemProxy */ = {
			isa = PBXContainerItemProxy;
			containerPortal = DFF3527A199ED8AA00226DB4 /* Project object */;
			proxyType = 1;
			remoteGlobalIDString = DFF35281199ED8AA00226DB4;
			remoteInfo = FirstIphoneApp;
		};
/* End PBXContainerItemProxy section */

/* Begin PBXFileReference section */
		DFF35282199ED8AA00226DB4 /* FirstIphoneApp.app */ = {isa = PBXFileReference; explicitFileType = wrapper.application; includeInIndex = 0; path = FirstIphoneApp.app; sourceTree = BUILT_PRODUCTS_DIR; };
		DFF35286199ED8AA00226DB4 /* Info.plist */ = {isa = PBXFileReference; lastKnownFileType = text.plist.xml; path = Info.plist; sourceTree = "<group>"; };
		DFF35287199ED8AA00226DB4 /* main.m */ = {isa = PBXFileReference; lastKnownFileType = sourcecode.c.objc; path = main.m; sourceTree = "<group>"; };
		DFF35289199ED8AA00226DB4 /* AppDelegate.h */ = {isa = PBXFileReference; lastKnownFileType = sourcecode.c.h; path = AppDelegate.h; sourceTree = "<group>"; };
		DFF3528A199ED8AA00226DB4 /* AppDelegate.m */ = {isa = PBXFileReference; lastKnownFileType = sourcecode.c.objc; path = AppDelegate.m; sourceTree = "<group>"; };
		DFF3528C199ED8AA00226DB4 /* ViewController.h */ = {isa = PBXFileReference; lastKnownFileType = sourcecode.c.h; path = ViewController.h; sourceTree = "<group>"; };
		DFF3528D199ED8AA00226DB4 /* ViewController.m */ = {isa = PBXFileReference; lastKnownFileType = sourcecode.c.objc; path = ViewController.m; sourceTree = "<group>"; };
		DFF35290199ED8AA00226DB4 /* Base */ = {isa = PBXFileReference; lastKnownFileType = file.storyboard; name = Base; path = Base.lproj/Main.storyboard; sourceTree = "<group>"; };
		DFF35292199ED8AA00226DB4 /* Images.xcassets */ = {isa = PBXFileReference; lastKnownFileType = folder.assetcatalog; path = Images.xcassets; sourceTree = "<group>"; };
		DFF35298199ED8AA00226DB4 /* FirstIphoneAppTests.xctest */ = {isa = PBXFileReference; explicitFileType = wrapper.cfbundle; includeInIndex = 0; path = FirstIphoneAppTests.xctest; sourceTree = BUILT_PRODUCTS_DIR; };
		DFF3529D199ED8AA00226DB4 /* Info.plist */ = {isa = PBXFileReference; lastKnownFileType = text.plist.xml; path = Info.plist; sourceTree = "<group>"; };
		DFF3529E199ED8AA00226DB4 /* FirstIphoneAppTests.m */ = {isa = PBXFileReference; lastKnownFileType = sourcecode.c.objc; path = FirstIphoneAppTests.m; sourceTree = "<group>"; };
/* End PBXFileReference section */

/* Begin PBXFrameworksBuildPhase section */
		DFF3527F199ED8AA00226DB4 /* Frameworks */ = {
			isa = PBXFrameworksBuildPhase;
			buildActionMask = 2147483647;
			files = (
			);
			runOnlyForDeploymentPostprocessing = 0;
		};
		DFF35295199ED8AA00226DB4 /* Frameworks */ = {
			isa = PBXFrameworksBuildPhase;
			buildActionMask = 2147483647;
			files = (
			);
			runOnlyForDeploymentPostprocessing = 0;
		};
/* End PBXFrameworksBuildPhase section */

/* Begin PBXGroup section */
		DFF35279199ED8AA00226DB4 = {
			isa = PBXGroup;
			children = (
				DFF35284199ED8AA00226DB4 /* FirstIphoneApp */,
				DFF3529B199ED8AA00226DB4 /* FirstIphoneAppTests */,
				DFF35283199ED8AA00226DB4 /* Products */,
			);
			sourceTree = "<group>";
		};
		DFF35283199ED8AA00226DB4 /* Products */ = {
			isa = PBXGroup;
			children = (
				DFF35282199ED8AA00226DB4 /* FirstIphoneApp.app */,
				DFF35298199ED8AA00226DB4 /* FirstIphoneAppTests.xctest */,
			);
			name = Products;
			sourceTree = "<group>";
		};
		DFF35284199ED8AA00226DB4 /* FirstIphoneApp */ = {
			isa = PBXGroup;
			children = (
				DFF35289199ED8AA00226DB4 /* AppDelegate.h */,
				DFF3528A199ED8AA00226DB4 /* AppDelegate.m */,
				DFF3528C199ED8AA00226DB4 /* ViewController.h */,
				DFF3528D199ED8AA00226DB4 /* ViewController.m */,
				DFF3528F199ED8AA00226DB4 /* Main.storyboard */,
				DFF35292199ED8AA00226DB4 /* Images.xcassets */,
				DFF35285199ED8AA00226DB4 /* Supporting Files */,
			);
			path = FirstIphoneApp;
			sourceTree = "<group>";
		};
		DFF35285199ED8AA00226DB4 /* Supporting Files */ = {
			isa = PBXGroup;
			children = (
				DFF35286199ED8AA00226DB4 /* Info.plist */,
				DFF35287199ED8AA00226DB4 /* main.m */,
			);
			name = "Supporting Files";
			sourceTree = "<group>";
		};
		DFF3529B199ED8AA00226DB4 /* FirstIphoneAppTests */ = {
			isa = PBXGroup;
			children = (
				DFF3529E199ED8AA00226DB4 /* FirstIphoneAppTests.m */,
				DFF3529C199ED8AA00226DB4 /* Supporting Files */,
			);
			path = FirstIphoneAppTests;
			sourceTree = "<group>";
		};
		DFF3529C199ED8AA00226DB4 /* Supporting Files */ = {
			isa = PBXGroup;
			children = (
				DFF3529D199ED8AA00226DB4 /* Info.plist */,
			);
			name = "Supporting Files";
			sourceTree = "<group>";
		};
/* End PBXGroup section */

/* Begin PBXNativeTarget section */
		DFF35281199ED8AA00226DB4 /* FirstIphoneApp */ = {
			isa = PBXNativeTarget;
			buildConfigurationList = DFF352A2199ED8AA00226DB4 /* Build configuration list for PBXNativeTarget "FirstIphoneApp" */;
			buildPhases = (
				DFF3527E199ED8AA00226DB4 /* Sources */,
				DFF3527F199ED8AA00226DB4 /* Frameworks */,
				DFF35280199ED8AA00226DB4 /* Resources */,
			);
			buildRules = (
			);
			dependencies = (
			);
			name = FirstIphoneApp;
			productName = FirstIphoneApp;
			productReference = DFF35282199ED8AA00226DB4 /* FirstIphoneApp.app */;
			productType = "com.apple.product-type.application";
		};
		DFF35297199ED8AA00226DB4 /* FirstIphoneAppTests */ = {
			isa = PBXNativeTarget;
			buildConfigurationList = DFF352A5199ED8AA00226DB4 /* Build configuration list for PBXNativeTarget "FirstIphoneAppTests" */;
			buildPhases = (
				DFF35294199ED8AA00226DB4 /* Sources */,
				DFF35295199ED8AA00226DB4 /* Frameworks */,
				DFF35296199ED8AA00226DB4 /* Resources */,
			);
			buildRules = (
			);
			dependencies = (
				DFF3529A199ED8AA00226DB4 /* PBXTargetDependency */,
			);
			name = FirstIphoneAppTests;
			productName = FirstIphoneAppTests;
			productReference = DFF35298199ED8AA00226DB4 /* FirstIphoneAppTests.xctest */;
			productType = "com.apple.product-type.bundle.unit-test";
		};
/* End PBXNativeTarget section */

/* Begin PBXProject section */
		DFF3527A199ED8AA00226DB4 /* Project object */ = {
			isa = PBXProject;
			attributes = {
				LastUpgradeCheck = 0600;
				ORGANIZATIONNAME = mqchen;
				TargetAttributes = {
					DFF35281199ED8AA00226DB4 = {
						CreatedOnToolsVersion = 6.0;
					};
					DFF35297199ED8AA00226DB4 = {
						CreatedOnToolsVersion = 6.0;
						TestTargetID = DFF35281199ED8AA00226DB4;
					};
				};
			};
			buildConfigurationList = DFF3527D199ED8AA00226DB4 /* Build configuration list for PBXProject "FirstIphoneApp" */;
			compatibilityVersion = "Xcode 3.2";
			developmentRegion = English;
			hasScannedForEncodings = 0;
			knownRegions = (
				en,
				Base,
			);
			mainGroup = DFF35279199ED8AA00226DB4;
			productRefGroup = DFF35283199ED8AA00226DB4 /* Products */;
			projectDirPath = "";
			projectRoot = "";
			targets = (
				DFF35281199ED8AA00226DB4 /* FirstIphoneApp */,
				DFF35297199ED8AA00226DB4 /* FirstIphoneAppTests */,
			);
		};
/* End PBXProject section */

/* Begin PBXResourcesBuildPhase section */
		DFF35280199ED8AA00226DB4 /* Resources */ = {
			isa = PBXResourcesBuildPhase;
			buildActionMask = 2147483647;
			files = (
				DFF35291199ED8AA00226DB4 /* Main.storyboard in Resources */,
				DFF35293199ED8AA00226DB4 /* Images.xcassets in Resources */,
			);
			runOnlyForDeploymentPostprocessing = 0;
		};
		DFF35296199ED8AA00226DB4 /* Resources */ = {
			isa = PBXResourcesBuildPhase;
			buildActionMask = 2147483647;
			files = (
			);
			runOnlyForDeploymentPostprocessing = 0;
		};
/* End PBXResourcesBuildPhase section */

/* Begin PBXSourcesBuildPhase section */
		DFF3527E199ED8AA00226DB4 /* Sources */ = {
			isa = PBXSourcesBuildPhase;
			buildActionMask = 2147483647;
			files = (
				DFF3528E199ED8AA00226DB4 /* ViewController.m in Sources */,
				DFF3528B199ED8AA00226DB4 /* AppDelegate.m in Sources */,
				DFF35288199ED8AA00226DB4 /* main.m in Sources */,
			);
			runOnlyForDeploymentPostprocessing = 0;
		};
		DFF35294199ED8AA00226DB4 /* Sources */ = {
			isa = PBXSourcesBuildPhase;
			buildActionMask = 2147483647;
			files = (
				DFF3529F199ED8AA00226DB4 /* FirstIphoneAppTests.m in Sources */,
			);
			runOnlyForDeploymentPostprocessing = 0;
		};
/* End PBXSourcesBuildPhase section */

/* Begin PBXTargetDependency section */
		DFF3529A199ED8AA00226DB4 /* PBXTargetDependency */ = {
			isa = PBXTargetDependency;
			target = DFF35281199ED8AA00226DB4 /* FirstIphoneApp */;
			targetProxy = DFF35299199ED8AA00226DB4 /* PBXContainerItemProxy */;
		};
/* End PBXTargetDependency section */

/* Begin PBXVariantGroup section */
		DFF3528F199ED8AA00226DB4 /* Main.storyboard */ = {
			isa = PBXVariantGroup;
			children = (
				DFF35290199ED8AA00226DB4 /* Base */,
			);
			name = Main.storyboard;
			sourceTree = "<group>";
		};
/* End PBXVariantGroup section */

/* Begin XCBuildConfiguration section */
		DFF352A0199ED8AA00226DB4 /* Debug */ = {
			isa = XCBuildConfiguration;
			buildSettings = {
				ALWAYS_SEARCH_USER_PATHS = NO;
				CLANG_CXX_LANGUAGE_STANDARD = "gnu++0x";
				CLANG_CXX_LIBRARY = "libc++";
				CLANG_ENABLE_MODULES = YES;
				CLANG_ENABLE_OBJC_ARC = YES;
				CLANG_WARN_BOOL_CONVERSION = YES;
				CLANG_WARN_CONSTANT_CONVERSION = YES;
				CLANG_WARN_DIRECT_OBJC_ISA_USAGE = YES_ERROR;
				CLANG_WARN_EMPTY_BODY = YES;
				CLANG_WARN_ENUM_CONVERSION = YES;
				CLANG_WARN_INT_CONVERSION = YES;
				CLANG_WARN_OBJC_ROOT_CLASS = YES_ERROR;
				CLANG_WARN_UNREACHABLE_CODE = YES;
				CLANG_WARN__DUPLICATE_METHOD_MATCH = YES;
				"CODE_SIGN_IDENTITY[sdk=iphoneos*]" = "iPhone Developer";
				COPY_PHASE_STRIP = NO;
				ENABLE_STRICT_OBJC_MSGSEND = YES;
				GCC_C_LANGUAGE_STANDARD = gnu99;
				GCC_DYNAMIC_NO_PIC = NO;
				GCC_OPTIMIZATION_LEVEL = 0;
				GCC_PREPROCESSOR_DEFINITIONS = (
					"DEBUG=1",
					"$(inherited)",
				);
				GCC_SYMBOLS_PRIVATE_EXTERN = NO;
				GCC_WARN_64_TO_32_BIT_CONVERSION = YES;
				GCC_WARN_ABOUT_RETURN_TYPE = YES_ERROR;
				GCC_WARN_UNDECLARED_SELECTOR = YES;
				GCC_WARN_UNINITIALIZED_AUTOS = YES_AGGRESSIVE;
				GCC_WARN_UNUSED_FUNCTION = YES;
				GCC_WARN_UNUSED_VARIABLE = YES;
				IPHONEOS_DEPLOYMENT_TARGET = 8.0;
				MTL_ENABLE_DEBUG_INFO = YES;
				ONLY_ACTIVE_ARCH = YES;
				SDKROOT = iphoneos;
			};
			name = Debug;
		};
		DFF352A1199ED8AA00226DB4 /* Release */ = {
			isa = XCBuildConfiguration;
			buildSettings = {
				ALWAYS_SEARCH_USER_PATHS = NO;
				CLANG_CXX_LANGUAGE_STANDARD = "gnu++0x";
				CLANG_CXX_LIBRARY = "libc++";
				CLANG_ENABLE_MODULES = YES;
				CLANG_ENABLE_OBJC_ARC = YES;
				CLANG_WARN_BOOL_CONVERSION = YES;
				CLANG_WARN_CONSTANT_CONVERSION = YES;
				CLANG_WARN_DIRECT_OBJC_ISA_USAGE = YES_ERROR;
				CLANG_WARN_EMPTY_BODY = YES;
				CLANG_WARN_ENUM_CONVERSION = YES;
				CLANG_WARN_INT_CONVERSION = YES;
				CLANG_WARN_OBJC_ROOT_CLASS = YES_ERROR;
				CLANG_WARN_UNREACHABLE_CODE = YES;
				CLANG_WARN__DUPLICATE_METHOD_MATCH = YES;
				"CODE_SIGN_IDENTITY[sdk=iphoneos*]" = "iPhone Developer";
				COPY_PHASE_STRIP = YES;
				ENABLE_NS_ASSERTIONS = NO;
				ENABLE_STRICT_OBJC_MSGSEND = YES;
				GCC_C_LANGUAGE_STANDARD = gnu99;
				GCC_WARN_64_TO_32_BIT_CONVERSION = YES;
				GCC_WARN_ABOUT_RETURN_TYPE = YES_ERROR;
				GCC_WARN_UNDECLARED_SELECTOR = YES;
				GCC_WARN_UNINITIALIZED_AUTOS = YES_AGGRESSIVE;
				GCC_WARN_UNUSED_FUNCTION = YES;
				GCC_WARN_UNUSED_VARIABLE = YES;
				IPHONEOS_DEPLOYMENT_TARGET = 8.0;
				MTL_ENABLE_DEBUG_INFO = NO;
				SDKROOT = iphoneos;
				VALIDATE_PRODUCT = YES;
			};
			name = Release;
		};
		DFF352A3199ED8AA00226DB4 /* Debug */ = {
			isa = XCBuildConfiguration;
			buildSettings = {
				ASSETCATALOG_COMPILER_APPICON_NAME = AppIcon;
				ASSETCATALOG_COMPILER_LAUNCHIMAGE_NAME = LaunchImage;
				INFOPLIST_FILE = FirstIphoneApp/Info.plist;
				LD_RUNPATH_SEARCH_PATHS = "$(inherited) @executable_path/Frameworks";
				PRODUCT_NAME = "$(TARGET_NAME)";
			};
			name = Debug;
		};
		DFF352A4199ED8AA00226DB4 /* Release */ = {
			isa = XCBuildConfiguration;
			buildSettings = {
				ASSETCATALOG_COMPILER_APPICON_NAME = AppIcon;
				ASSETCATALOG_COMPILER_LAUNCHIMAGE_NAME = LaunchImage;
				INFOPLIST_FILE = FirstIphoneApp/Info.plist;
				LD_RUNPATH_SEARCH_PATHS = "$(inherited) @executable_path/Frameworks";
				PRODUCT_NAME = "$(TARGET_NAME)";
			};
			name = Release;
		};
		DFF352A6199ED8AA00226DB4 /* Debug */ = {
			isa = XCBuildConfiguration;
			buildSettings = {
				BUNDLE_LOADER = "$(TEST_HOST)";
				FRAMEWORK_SEARCH_PATHS = (
					"$(SDKROOT)/Developer/Library/Frameworks",
					"$(inherited)",
				);
				GCC_PREPROCESSOR_DEFINITIONS = (
					"DEBUG=1",
					"$(inherited)",
				);
				INFOPLIST_FILE = FirstIphoneAppTests/Info.plist;
				LD_RUNPATH_SEARCH_PATHS = "$(inherited) @executable_path/Frameworks @loader_path/Frameworks";
				PRODUCT_NAME = "$(TARGET_NAME)";
				TEST_HOST = "$(BUILT_PRODUCTS_DIR)/FirstIphoneApp.app/FirstIphoneApp";
			};
			name = Debug;
		};
		DFF352A7199ED8AA00226DB4 /* Release */ = {
			isa = XCBuildConfiguration;
			buildSettings = {
				BUNDLE_LOADER = "$(TEST_HOST)";
				FRAMEWORK_SEARCH_PATHS = (
					"$(SDKROOT)/Developer/Library/Frameworks",
					"$(inherited)",
				);
				INFOPLIST_FILE = FirstIphoneAppTests/Info.plist;
				LD_RUNPATH_SEARCH_PATHS = "$(inherited) @executable_path/Frameworks @loader_path/Frameworks";
				PRODUCT_NAME = "$(TARGET_NAME)";
				TEST_HOST = "$(BUILT_PRODUCTS_DIR)/FirstIphoneApp.app/FirstIphoneApp";
			};
			name = Release;
		};
/* End XCBuildConfiguration section */

/* Begin XCConfigurationList section */
		DFF3527D199ED8AA00226DB4 /* Build configuration list for PBXProject "FirstIphoneApp" */ = {
			isa = XCConfigurationList;
			buildConfigurations = (
				DFF352A0199ED8AA00226DB4 /* Debug */,
				DFF352A1199ED8AA00226DB4 /* Release */,
			);
			defaultConfigurationIsVisible = 0;
			defaultConfigurationName = Release;
		};
		DFF352A2199ED8AA00226DB4 /* Build configuration list for PBXNativeTarget "FirstIphoneApp" */ = {
			isa = XCConfigurationList;
			buildConfigurations = (
				DFF352A3199ED8AA00226DB4 /* Debug */,
				DFF352A4199ED8AA00226DB4 /* Release */,
			);
			defaultConfigurationIsVisible = 0;
		};
		DFF352A5199ED8AA00226DB4 /* Build configuration list for PBXNativeTarget "FirstIphoneAppTests" */ = {
			isa = XCConfigurationList;
			buildConfigurations = (
				DFF352A6199ED8AA00226DB4 /* Debug */,
				DFF352A7199ED8AA00226DB4 /* Release */,
			);
			defaultConfigurationIsVisible = 0;
		};
/* End XCConfigurationList section */
	};
	rootObject = DFF3527A199ED8AA00226DB4 /* Project object */;
}
