// !$*UTF8*$!
{
	archiveVersion = 1;
	classes = {
	};
	objectVersion = 46;
	objects = {

/* Begin PBXBuildFile section */
		DFF3519B1999771900226DB4 /* main.m in Sources */ = {isa = PBXBuildFile; fileRef = DFF3519A1999771900226DB4 /* main.m */; };
		DFF351A3199982C300226DB4 /* Rectangle.m in Sources */ = {isa = PBXBuildFile; fileRef = DFF351A2199982C300226DB4 /* Rectangle.m */; };
		DFF351A6199982F300226DB4 /* Complex.m in Sources */ = {isa = PBXBuildFile; fileRef = DFF351A5199982F300226DB4 /* Complex.m */; };
/* End PBXBuildFile section */

/* Begin PBXCopyFilesBuildPhase section */
		DFF351951999771800226DB4 /* CopyFiles */ = {
			isa = PBXCopyFilesBuildPhase;
			buildActionMask = 2147483647;
			dstPath = /usr/share/man/man1/;
			dstSubfolderSpec = 0;
			files = (
			);
			runOnlyForDeploymentPostprocessing = 1;
		};
/* End PBXCopyFilesBuildPhase section */

/* Begin PBXFileReference section */
		DFF351971999771800226DB4 /* DataTypeAndExpression */ = {isa = PBXFileReference; explicitFileType = "compiled.mach-o.executable"; includeInIndex = 0; path = DataTypeAndExpression; sourceTree = BUILT_PRODUCTS_DIR; };
		DFF3519A1999771900226DB4 /* main.m */ = {isa = PBXFileReference; lastKnownFileType = sourcecode.c.objc; path = main.m; sourceTree = "<group>"; };
		DFF351A1199982C200226DB4 /* Rectangle.h */ = {isa = PBXFileReference; fileEncoding = 4; lastKnownFileType = sourcecode.c.h; path = Rectangle.h; sourceTree = "<group>"; };
		DFF351A2199982C300226DB4 /* Rectangle.m */ = {isa = PBXFileReference; fileEncoding = 4; lastKnownFileType = sourcecode.c.objc; path = Rectangle.m; sourceTree = "<group>"; };
		DFF351A4199982F300226DB4 /* Complex.h */ = {isa = PBXFileReference; fileEncoding = 4; lastKnownFileType = sourcecode.c.h; path = Complex.h; sourceTree = "<group>"; };
		DFF351A5199982F300226DB4 /* Complex.m */ = {isa = PBXFileReference; fileEncoding = 4; lastKnownFileType = sourcecode.c.objc; path = Complex.m; sourceTree = "<group>"; };
/* End PBXFileReference section */

/* Begin PBXFrameworksBuildPhase section */
		DFF351941999771800226DB4 /* Frameworks */ = {
			isa = PBXFrameworksBuildPhase;
			buildActionMask = 2147483647;
			files = (
			);
			runOnlyForDeploymentPostprocessing = 0;
		};
/* End PBXFrameworksBuildPhase section */

/* Begin PBXGroup section */
		DFF3518E1999771800226DB4 = {
			isa = PBXGroup;
			children = (
				DFF351991999771800226DB4 /* DataTypeAndExpression */,
				DFF351981999771800226DB4 /* Products */,
			);
			sourceTree = "<group>";
		};
		DFF351981999771800226DB4 /* Products */ = {
			isa = PBXGroup;
			children = (
				DFF351971999771800226DB4 /* DataTypeAndExpression */,
			);
			name = Products;
			sourceTree = "<group>";
		};
		DFF351991999771800226DB4 /* DataTypeAndExpression */ = {
			isa = PBXGroup;
			children = (
				DFF3519A1999771900226DB4 /* main.m */,
				DFF351A1199982C200226DB4 /* Rectangle.h */,
				DFF351A2199982C300226DB4 /* Rectangle.m */,
				DFF351A4199982F300226DB4 /* Complex.h */,
				DFF351A5199982F300226DB4 /* Complex.m */,
			);
			path = DataTypeAndExpression;
			sourceTree = "<group>";
		};
/* End PBXGroup section */

/* Begin PBXNativeTarget section */
		DFF351961999771800226DB4 /* DataTypeAndExpression */ = {
			isa = PBXNativeTarget;
			buildConfigurationList = DFF3519E1999771900226DB4 /* Build configuration list for PBXNativeTarget "DataTypeAndExpression" */;
			buildPhases = (
				DFF351931999771800226DB4 /* Sources */,
				DFF351941999771800226DB4 /* Frameworks */,
				DFF351951999771800226DB4 /* CopyFiles */,
			);
			buildRules = (
			);
			dependencies = (
			);
			name = DataTypeAndExpression;
			productName = DataTypeAndExpression;
			productReference = DFF351971999771800226DB4 /* DataTypeAndExpression */;
			productType = "com.apple.product-type.tool";
		};
/* End PBXNativeTarget section */

/* Begin PBXProject section */
		DFF3518F1999771800226DB4 /* Project object */ = {
			isa = PBXProject;
			attributes = {
				LastUpgradeCheck = 0600;
				ORGANIZATIONNAME = mqchen;
				TargetAttributes = {
					DFF351961999771800226DB4 = {
						CreatedOnToolsVersion = 6.0;
					};
				};
			};
			buildConfigurationList = DFF351921999771800226DB4 /* Build configuration list for PBXProject "DataTypeAndExpression" */;
			compatibilityVersion = "Xcode 3.2";
			developmentRegion = English;
			hasScannedForEncodings = 0;
			knownRegions = (
				en,
			);
			mainGroup = DFF3518E1999771800226DB4;
			productRefGroup = DFF351981999771800226DB4 /* Products */;
			projectDirPath = "";
			projectRoot = "";
			targets = (
				DFF351961999771800226DB4 /* DataTypeAndExpression */,
			);
		};
/* End PBXProject section */

/* Begin PBXSourcesBuildPhase section */
		DFF351931999771800226DB4 /* Sources */ = {
			isa = PBXSourcesBuildPhase;
			buildActionMask = 2147483647;
			files = (
				DFF3519B1999771900226DB4 /* main.m in Sources */,
				DFF351A6199982F300226DB4 /* Complex.m in Sources */,
				DFF351A3199982C300226DB4 /* Rectangle.m in Sources */,
			);
			runOnlyForDeploymentPostprocessing = 0;
		};
/* End PBXSourcesBuildPhase section */

/* Begin XCBuildConfiguration section */
		DFF3519C1999771900226DB4 /* Debug */ = {
			isa = XCBuildConfiguration;
			buildSettings = {
				ALWAYS_SEARCH_USER_PATHS = NO;
				CLANG_CXX_LANGUAGE_STANDARD = "gnu++0x";
				CLANG_CXX_LIBRARY = "libc++";
				CLANG_ENABLE_MODULES = YES;
				CLANG_ENABLE_OBJC_ARC = YES;
				CLANG_WARN_BOOL_CONVERSION = YES;
				CLANG_WARN_CONSTANT_CONVERSION = YES;
				CLANG_WARN_DIRECT_OBJC_ISA_USAGE = YES_ERROR;
				CLANG_WARN_EMPTY_BODY = YES;
				CLANG_WARN_ENUM_CONVERSION = YES;
				CLANG_WARN_INT_CONVERSION = YES;
				CLANG_WARN_OBJC_ROOT_CLASS = YES_ERROR;
				CLANG_WARN_UNREACHABLE_CODE = YES;
				CLANG_WARN__DUPLICATE_METHOD_MATCH = YES;
				COPY_PHASE_STRIP = NO;
				ENABLE_STRICT_OBJC_MSGSEND = YES;
				GCC_C_LANGUAGE_STANDARD = gnu99;
				GCC_DYNAMIC_NO_PIC = NO;
				GCC_OPTIMIZATION_LEVEL = 0;
				GCC_PREPROCESSOR_DEFINITIONS = (
					"DEBUG=1",
					"$(inherited)",
				);
				GCC_SYMBOLS_PRIVATE_EXTERN = NO;
				GCC_WARN_64_TO_32_BIT_CONVERSION = YES;
				GCC_WARN_ABOUT_RETURN_TYPE = YES_ERROR;
				GCC_WARN_UNDECLARED_SELECTOR = YES;
				GCC_WARN_UNINITIALIZED_AUTOS = YES_AGGRESSIVE;
				GCC_WARN_UNUSED_FUNCTION = YES;
				GCC_WARN_UNUSED_VARIABLE = YES;
				MACOSX_DEPLOYMENT_TARGET = 10.9;
				MTL_ENABLE_DEBUG_INFO = YES;
				ONLY_ACTIVE_ARCH = YES;
				SDKROOT = macosx;
			};
			name = Debug;
		};
		DFF3519D1999771900226DB4 /* Release */ = {
			isa = XCBuildConfiguration;
			buildSettings = {
				ALWAYS_SEARCH_USER_PATHS = NO;
				CLANG_CXX_LANGUAGE_STANDARD = "gnu++0x";
				CLANG_CXX_LIBRARY = "libc++";
				CLANG_ENABLE_MODULES = YES;
				CLANG_ENABLE_OBJC_ARC = YES;
				CLANG_WARN_BOOL_CONVERSION = YES;
				CLANG_WARN_CONSTANT_CONVERSION = YES;
				CLANG_WARN_DIRECT_OBJC_ISA_USAGE = YES_ERROR;
				CLANG_WARN_EMPTY_BODY = YES;
				CLANG_WARN_ENUM_CONVERSION = YES;
				CLANG_WARN_INT_CONVERSION = YES;
				CLANG_WARN_OBJC_ROOT_CLASS = YES_ERROR;
				CLANG_WARN_UNREACHABLE_CODE = YES;
				CLANG_WARN__DUPLICATE_METHOD_MATCH = YES;
				COPY_PHASE_STRIP = YES;
				DEBUG_INFORMATION_FORMAT = "dwarf-with-dsym";
				ENABLE_NS_ASSERTIONS = NO;
				ENABLE_STRICT_OBJC_MSGSEND = YES;
				GCC_C_LANGUAGE_STANDARD = gnu99;
				GCC_WARN_64_TO_32_BIT_CONVERSION = YES;
				GCC_WARN_ABOUT_RETURN_TYPE = YES_ERROR;
				GCC_WARN_UNDECLARED_SELECTOR = YES;
				GCC_WARN_UNINITIALIZED_AUTOS = YES_AGGRESSIVE;
				GCC_WARN_UNUSED_FUNCTION = YES;
				GCC_WARN_UNUSED_VARIABLE = YES;
				MACOSX_DEPLOYMENT_TARGET = 10.9;
				MTL_ENABLE_DEBUG_INFO = NO;
				SDKROOT = macosx;
			};
			name = Release;
		};
		DFF3519F1999771900226DB4 /* Debug */ = {
			isa = XCBuildConfiguration;
			buildSettings = {
				PRODUCT_NAME = "$(TARGET_NAME)";
			};
			name = Debug;
		};
		DFF351A01999771900226DB4 /* Release */ = {
			isa = XCBuildConfiguration;
			buildSettings = {
				PRODUCT_NAME = "$(TARGET_NAME)";
			};
			name = Release;
		};
/* End XCBuildConfiguration section */

/* Begin XCConfigurationList section */
		DFF351921999771800226DB4 /* Build configuration list for PBXProject "DataTypeAndExpression" */ = {
			isa = XCConfigurationList;
			buildConfigurations = (
				DFF3519C1999771900226DB4 /* Debug */,
				DFF3519D1999771900226DB4 /* Release */,
			);
			defaultConfigurationIsVisible = 0;
			defaultConfigurationName = Release;
		};
		DFF3519E1999771900226DB4 /* Build configuration list for PBXNativeTarget "DataTypeAndExpression" */ = {
			isa = XCConfigurationList;
			buildConfigurations = (
				DFF3519F1999771900226DB4 /* Debug */,
				DFF351A01999771900226DB4 /* Release */,
			);
			defaultConfigurationIsVisible = 0;
		};
/* End XCConfigurationList section */
	};
	rootObject = DFF3518F1999771800226DB4 /* Project object */;
}
