// !$*UTF8*$!
{
	archiveVersion = 1;
	classes = {
	};
	objectVersion = 46;
	objects = {

/* Begin PBXBuildFile section */
		DFE3308B19A97BE700819096 /* main.m in Sources */ = {isa = PBXBuildFile; fileRef = DFE3308A19A97BE700819096 /* main.m */; };
		DFE3308E19A97BE700819096 /* AppDelegate.m in Sources */ = {isa = PBXBuildFile; fileRef = DFE3308D19A97BE700819096 /* AppDelegate.m */; };
		DFE3309119A97BE700819096 /* ViewController.m in Sources */ = {isa = PBXBuildFile; fileRef = DFE3309019A97BE700819096 /* ViewController.m */; };
		DFE3309419A97BE700819096 /* Main.storyboard in Resources */ = {isa = PBXBuildFile; fileRef = DFE3309219A97BE700819096 /* Main.storyboard */; };
		DFE3309619A97BE700819096 /* Images.xcassets in Resources */ = {isa = PBXBuildFile; fileRef = DFE3309519A97BE700819096 /* Images.xcassets */; };
		DFE330A219A97BE800819096 /* LocationTests.m in Sources */ = {isa = PBXBuildFile; fileRef = DFE330A119A97BE800819096 /* LocationTests.m */; };
		DFE330AC19A97BFF00819096 /* CoreLocation.framework in Frameworks */ = {isa = PBXBuildFile; fileRef = DFE330AB19A97BFF00819096 /* CoreLocation.framework */; };
/* End PBXBuildFile section */

/* Begin PBXContainerItemProxy section */
		DFE3309C19A97BE800819096 /* PBXContainerItemProxy */ = {
			isa = PBXContainerItemProxy;
			containerPortal = DFE3307D19A97BE700819096 /* Project object */;
			proxyType = 1;
			remoteGlobalIDString = DFE3308419A97BE700819096;
			remoteInfo = Location;
		};
/* End PBXContainerItemProxy section */

/* Begin PBXFileReference section */
		DFE3308519A97BE700819096 /* Location.app */ = {isa = PBXFileReference; explicitFileType = wrapper.application; includeInIndex = 0; path = Location.app; sourceTree = BUILT_PRODUCTS_DIR; };
		DFE3308919A97BE700819096 /* Info.plist */ = {isa = PBXFileReference; lastKnownFileType = text.plist.xml; path = Info.plist; sourceTree = "<group>"; };
		DFE3308A19A97BE700819096 /* main.m */ = {isa = PBXFileReference; lastKnownFileType = sourcecode.c.objc; path = main.m; sourceTree = "<group>"; };
		DFE3308C19A97BE700819096 /* AppDelegate.h */ = {isa = PBXFileReference; lastKnownFileType = sourcecode.c.h; path = AppDelegate.h; sourceTree = "<group>"; };
		DFE3308D19A97BE700819096 /* AppDelegate.m */ = {isa = PBXFileReference; lastKnownFileType = sourcecode.c.objc; path = AppDelegate.m; sourceTree = "<group>"; };
		DFE3308F19A97BE700819096 /* ViewController.h */ = {isa = PBXFileReference; lastKnownFileType = sourcecode.c.h; path = ViewController.h; sourceTree = "<group>"; };
		DFE3309019A97BE700819096 /* ViewController.m */ = {isa = PBXFileReference; lastKnownFileType = sourcecode.c.objc; path = ViewController.m; sourceTree = "<group>"; };
		DFE3309319A97BE700819096 /* Base */ = {isa = PBXFileReference; lastKnownFileType = file.storyboard; name = Base; path = Base.lproj/Main.storyboard; sourceTree = "<group>"; };
		DFE3309519A97BE700819096 /* Images.xcassets */ = {isa = PBXFileReference; lastKnownFileType = folder.assetcatalog; path = Images.xcassets; sourceTree = "<group>"; };
		DFE3309B19A97BE800819096 /* LocationTests.xctest */ = {isa = PBXFileReference; explicitFileType = wrapper.cfbundle; includeInIndex = 0; path = LocationTests.xctest; sourceTree = BUILT_PRODUCTS_DIR; };
		DFE330A019A97BE800819096 /* Info.plist */ = {isa = PBXFileReference; lastKnownFileType = text.plist.xml; path = Info.plist; sourceTree = "<group>"; };
		DFE330A119A97BE800819096 /* LocationTests.m */ = {isa = PBXFileReference; lastKnownFileType = sourcecode.c.objc; path = LocationTests.m; sourceTree = "<group>"; };
		DFE330AB19A97BFF00819096 /* CoreLocation.framework */ = {isa = PBXFileReference; lastKnownFileType = wrapper.framework; name = CoreLocation.framework; path = System/Library/Frameworks/CoreLocation.framework; sourceTree = SDKROOT; };
/* End PBXFileReference section */

/* Begin PBXFrameworksBuildPhase section */
		DFE3308219A97BE700819096 /* Frameworks */ = {
			isa = PBXFrameworksBuildPhase;
			buildActionMask = 2147483647;
			files = (
				DFE330AC19A97BFF00819096 /* CoreLocation.framework in Frameworks */,
			);
			runOnlyForDeploymentPostprocessing = 0;
		};
		DFE3309819A97BE800819096 /* Frameworks */ = {
			isa = PBXFrameworksBuildPhase;
			buildActionMask = 2147483647;
			files = (
			);
			runOnlyForDeploymentPostprocessing = 0;
		};
/* End PBXFrameworksBuildPhase section */

/* Begin PBXGroup section */
		DFE3307C19A97BE700819096 = {
			isa = PBXGroup;
			children = (
				DFE330AB19A97BFF00819096 /* CoreLocation.framework */,
				DFE3308719A97BE700819096 /* Location */,
				DFE3309E19A97BE800819096 /* LocationTests */,
				DFE3308619A97BE700819096 /* Products */,
			);
			sourceTree = "<group>";
		};
		DFE3308619A97BE700819096 /* Products */ = {
			isa = PBXGroup;
			children = (
				DFE3308519A97BE700819096 /* Location.app */,
				DFE3309B19A97BE800819096 /* LocationTests.xctest */,
			);
			name = Products;
			sourceTree = "<group>";
		};
		DFE3308719A97BE700819096 /* Location */ = {
			isa = PBXGroup;
			children = (
				DFE3308C19A97BE700819096 /* AppDelegate.h */,
				DFE3308D19A97BE700819096 /* AppDelegate.m */,
				DFE3308F19A97BE700819096 /* ViewController.h */,
				DFE3309019A97BE700819096 /* ViewController.m */,
				DFE3309219A97BE700819096 /* Main.storyboard */,
				DFE3309519A97BE700819096 /* Images.xcassets */,
				DFE3308819A97BE700819096 /* Supporting Files */,
			);
			path = Location;
			sourceTree = "<group>";
		};
		DFE3308819A97BE700819096 /* Supporting Files */ = {
			isa = PBXGroup;
			children = (
				DFE3308919A97BE700819096 /* Info.plist */,
				DFE3308A19A97BE700819096 /* main.m */,
			);
			name = "Supporting Files";
			sourceTree = "<group>";
		};
		DFE3309E19A97BE800819096 /* LocationTests */ = {
			isa = PBXGroup;
			children = (
				DFE330A119A97BE800819096 /* LocationTests.m */,
				DFE3309F19A97BE800819096 /* Supporting Files */,
			);
			path = LocationTests;
			sourceTree = "<group>";
		};
		DFE3309F19A97BE800819096 /* Supporting Files */ = {
			isa = PBXGroup;
			children = (
				DFE330A019A97BE800819096 /* Info.plist */,
			);
			name = "Supporting Files";
			sourceTree = "<group>";
		};
/* End PBXGroup section */

/* Begin PBXNativeTarget section */
		DFE3308419A97BE700819096 /* Location */ = {
			isa = PBXNativeTarget;
			buildConfigurationList = DFE330A519A97BE800819096 /* Build configuration list for PBXNativeTarget "Location" */;
			buildPhases = (
				DFE3308119A97BE700819096 /* Sources */,
				DFE3308219A97BE700819096 /* Frameworks */,
				DFE3308319A97BE700819096 /* Resources */,
			);
			buildRules = (
			);
			dependencies = (
			);
			name = Location;
			productName = Location;
			productReference = DFE3308519A97BE700819096 /* Location.app */;
			productType = "com.apple.product-type.application";
		};
		DFE3309A19A97BE800819096 /* LocationTests */ = {
			isa = PBXNativeTarget;
			buildConfigurationList = DFE330A819A97BE800819096 /* Build configuration list for PBXNativeTarget "LocationTests" */;
			buildPhases = (
				DFE3309719A97BE800819096 /* Sources */,
				DFE3309819A97BE800819096 /* Frameworks */,
				DFE3309919A97BE800819096 /* Resources */,
			);
			buildRules = (
			);
			dependencies = (
				DFE3309D19A97BE800819096 /* PBXTargetDependency */,
			);
			name = LocationTests;
			productName = LocationTests;
			productReference = DFE3309B19A97BE800819096 /* LocationTests.xctest */;
			productType = "com.apple.product-type.bundle.unit-test";
		};
/* End PBXNativeTarget section */

/* Begin PBXProject section */
		DFE3307D19A97BE700819096 /* Project object */ = {
			isa = PBXProject;
			attributes = {
				LastUpgradeCheck = 0600;
				ORGANIZATIONNAME = mqchen;
				TargetAttributes = {
					DFE3308419A97BE700819096 = {
						CreatedOnToolsVersion = 6.0;
					};
					DFE3309A19A97BE800819096 = {
						CreatedOnToolsVersion = 6.0;
						TestTargetID = DFE3308419A97BE700819096;
					};
				};
			};
			buildConfigurationList = DFE3308019A97BE700819096 /* Build configuration list for PBXProject "Location" */;
			compatibilityVersion = "Xcode 3.2";
			developmentRegion = English;
			hasScannedForEncodings = 0;
			knownRegions = (
				en,
				Base,
			);
			mainGroup = DFE3307C19A97BE700819096;
			productRefGroup = DFE3308619A97BE700819096 /* Products */;
			projectDirPath = "";
			projectRoot = "";
			targets = (
				DFE3308419A97BE700819096 /* Location */,
				DFE3309A19A97BE800819096 /* LocationTests */,
			);
		};
/* End PBXProject section */

/* Begin PBXResourcesBuildPhase section */
		DFE3308319A97BE700819096 /* Resources */ = {
			isa = PBXResourcesBuildPhase;
			buildActionMask = 2147483647;
			files = (
				DFE3309419A97BE700819096 /* Main.storyboard in Resources */,
				DFE3309619A97BE700819096 /* Images.xcassets in Resources */,
			);
			runOnlyForDeploymentPostprocessing = 0;
		};
		DFE3309919A97BE800819096 /* Resources */ = {
			isa = PBXResourcesBuildPhase;
			buildActionMask = 2147483647;
			files = (
			);
			runOnlyForDeploymentPostprocessing = 0;
		};
/* End PBXResourcesBuildPhase section */

/* Begin PBXSourcesBuildPhase section */
		DFE3308119A97BE700819096 /* Sources */ = {
			isa = PBXSourcesBuildPhase;
			buildActionMask = 2147483647;
			files = (
				DFE3309119A97BE700819096 /* ViewController.m in Sources */,
				DFE3308E19A97BE700819096 /* AppDelegate.m in Sources */,
				DFE3308B19A97BE700819096 /* main.m in Sources */,
			);
			runOnlyForDeploymentPostprocessing = 0;
		};
		DFE3309719A97BE800819096 /* Sources */ = {
			isa = PBXSourcesBuildPhase;
			buildActionMask = 2147483647;
			files = (
				DFE330A219A97BE800819096 /* LocationTests.m in Sources */,
			);
			runOnlyForDeploymentPostprocessing = 0;
		};
/* End PBXSourcesBuildPhase section */

/* Begin PBXTargetDependency section */
		DFE3309D19A97BE800819096 /* PBXTargetDependency */ = {
			isa = PBXTargetDependency;
			target = DFE3308419A97BE700819096 /* Location */;
			targetProxy = DFE3309C19A97BE800819096 /* PBXContainerItemProxy */;
		};
/* End PBXTargetDependency section */

/* Begin PBXVariantGroup section */
		DFE3309219A97BE700819096 /* Main.storyboard */ = {
			isa = PBXVariantGroup;
			children = (
				DFE3309319A97BE700819096 /* Base */,
			);
			name = Main.storyboard;
			sourceTree = "<group>";
		};
/* End PBXVariantGroup section */

/* Begin XCBuildConfiguration section */
		DFE330A319A97BE800819096 /* Debug */ = {
			isa = XCBuildConfiguration;
			buildSettings = {
				ALWAYS_SEARCH_USER_PATHS = NO;
				CLANG_CXX_LANGUAGE_STANDARD = "gnu++0x";
				CLANG_CXX_LIBRARY = "libc++";
				CLANG_ENABLE_MODULES = YES;
				CLANG_ENABLE_OBJC_ARC = YES;
				CLANG_WARN_BOOL_CONVERSION = YES;
				CLANG_WARN_CONSTANT_CONVERSION = YES;
				CLANG_WARN_DIRECT_OBJC_ISA_USAGE = YES_ERROR;
				CLANG_WARN_EMPTY_BODY = YES;
				CLANG_WARN_ENUM_CONVERSION = YES;
				CLANG_WARN_INT_CONVERSION = YES;
				CLANG_WARN_OBJC_ROOT_CLASS = YES_ERROR;
				CLANG_WARN_UNREACHABLE_CODE = YES;
				CLANG_WARN__DUPLICATE_METHOD_MATCH = YES;
				"CODE_SIGN_IDENTITY[sdk=iphoneos*]" = "iPhone Developer";
				COPY_PHASE_STRIP = NO;
				ENABLE_STRICT_OBJC_MSGSEND = YES;
				GCC_C_LANGUAGE_STANDARD = gnu99;
				GCC_DYNAMIC_NO_PIC = NO;
				GCC_OPTIMIZATION_LEVEL = 0;
				GCC_PREPROCESSOR_DEFINITIONS = (
					"DEBUG=1",
					"$(inherited)",
				);
				GCC_SYMBOLS_PRIVATE_EXTERN = NO;
				GCC_WARN_64_TO_32_BIT_CONVERSION = YES;
				GCC_WARN_ABOUT_RETURN_TYPE = YES_ERROR;
				GCC_WARN_UNDECLARED_SELECTOR = YES;
				GCC_WARN_UNINITIALIZED_AUTOS = YES_AGGRESSIVE;
				GCC_WARN_UNUSED_FUNCTION = YES;
				GCC_WARN_UNUSED_VARIABLE = YES;
				IPHONEOS_DEPLOYMENT_TARGET = 8.0;
				MTL_ENABLE_DEBUG_INFO = YES;
				ONLY_ACTIVE_ARCH = YES;
				SDKROOT = iphoneos;
			};
			name = Debug;
		};
		DFE330A419A97BE800819096 /* Release */ = {
			isa = XCBuildConfiguration;
			buildSettings = {
				ALWAYS_SEARCH_USER_PATHS = NO;
				CLANG_CXX_LANGUAGE_STANDARD = "gnu++0x";
				CLANG_CXX_LIBRARY = "libc++";
				CLANG_ENABLE_MODULES = YES;
				CLANG_ENABLE_OBJC_ARC = YES;
				CLANG_WARN_BOOL_CONVERSION = YES;
				CLANG_WARN_CONSTANT_CONVERSION = YES;
				CLANG_WARN_DIRECT_OBJC_ISA_USAGE = YES_ERROR;
				CLANG_WARN_EMPTY_BODY = YES;
				CLANG_WARN_ENUM_CONVERSION = YES;
				CLANG_WARN_INT_CONVERSION = YES;
				CLANG_WARN_OBJC_ROOT_CLASS = YES_ERROR;
				CLANG_WARN_UNREACHABLE_CODE = YES;
				CLANG_WARN__DUPLICATE_METHOD_MATCH = YES;
				"CODE_SIGN_IDENTITY[sdk=iphoneos*]" = "iPhone Developer";
				COPY_PHASE_STRIP = YES;
				ENABLE_NS_ASSERTIONS = NO;
				ENABLE_STRICT_OBJC_MSGSEND = YES;
				GCC_C_LANGUAGE_STANDARD = gnu99;
				GCC_WARN_64_TO_32_BIT_CONVERSION = YES;
				GCC_WARN_ABOUT_RETURN_TYPE = YES_ERROR;
				GCC_WARN_UNDECLARED_SELECTOR = YES;
				GCC_WARN_UNINITIALIZED_AUTOS = YES_AGGRESSIVE;
				GCC_WARN_UNUSED_FUNCTION = YES;
				GCC_WARN_UNUSED_VARIABLE = YES;
				IPHONEOS_DEPLOYMENT_TARGET = 8.0;
				MTL_ENABLE_DEBUG_INFO = NO;
				SDKROOT = iphoneos;
				VALIDATE_PRODUCT = YES;
			};
			name = Release;
		};
		DFE330A619A97BE800819096 /* Debug */ = {
			isa = XCBuildConfiguration;
			buildSettings = {
				ASSETCATALOG_COMPILER_APPICON_NAME = AppIcon;
				ASSETCATALOG_COMPILER_LAUNCHIMAGE_NAME = LaunchImage;
				INFOPLIST_FILE = Location/Info.plist;
				IPHONEOS_DEPLOYMENT_TARGET = 8.0;
				LD_RUNPATH_SEARCH_PATHS = "$(inherited) @executable_path/Frameworks";
				PRODUCT_NAME = "$(TARGET_NAME)";
			};
			name = Debug;
		};
		DFE330A719A97BE800819096 /* Release */ = {
			isa = XCBuildConfiguration;
			buildSettings = {
				ASSETCATALOG_COMPILER_APPICON_NAME = AppIcon;
				ASSETCATALOG_COMPILER_LAUNCHIMAGE_NAME = LaunchImage;
				INFOPLIST_FILE = Location/Info.plist;
				IPHONEOS_DEPLOYMENT_TARGET = 8.0;
				LD_RUNPATH_SEARCH_PATHS = "$(inherited) @executable_path/Frameworks";
				PRODUCT_NAME = "$(TARGET_NAME)";
			};
			name = Release;
		};
		DFE330A919A97BE800819096 /* Debug */ = {
			isa = XCBuildConfiguration;
			buildSettings = {
				BUNDLE_LOADER = "$(TEST_HOST)";
				FRAMEWORK_SEARCH_PATHS = (
					"$(SDKROOT)/Developer/Library/Frameworks",
					"$(inherited)",
				);
				GCC_PREPROCESSOR_DEFINITIONS = (
					"DEBUG=1",
					"$(inherited)",
				);
				INFOPLIST_FILE = LocationTests/Info.plist;
				LD_RUNPATH_SEARCH_PATHS = "$(inherited) @executable_path/Frameworks @loader_path/Frameworks";
				PRODUCT_NAME = "$(TARGET_NAME)";
				TEST_HOST = "$(BUILT_PRODUCTS_DIR)/Location.app/Location";
			};
			name = Debug;
		};
		DFE330AA19A97BE800819096 /* Release */ = {
			isa = XCBuildConfiguration;
			buildSettings = {
				BUNDLE_LOADER = "$(TEST_HOST)";
				FRAMEWORK_SEARCH_PATHS = (
					"$(SDKROOT)/Developer/Library/Frameworks",
					"$(inherited)",
				);
				INFOPLIST_FILE = LocationTests/Info.plist;
				LD_RUNPATH_SEARCH_PATHS = "$(inherited) @executable_path/Frameworks @loader_path/Frameworks";
				PRODUCT_NAME = "$(TARGET_NAME)";
				TEST_HOST = "$(BUILT_PRODUCTS_DIR)/Location.app/Location";
			};
			name = Release;
		};
/* End XCBuildConfiguration section */

/* Begin XCConfigurationList section */
		DFE3308019A97BE700819096 /* Build configuration list for PBXProject "Location" */ = {
			isa = XCConfigurationList;
			buildConfigurations = (
				DFE330A319A97BE800819096 /* Debug */,
				DFE330A419A97BE800819096 /* Release */,
			);
			defaultConfigurationIsVisible = 0;
			defaultConfigurationName = Release;
		};
		DFE330A519A97BE800819096 /* Build configuration list for PBXNativeTarget "Location" */ = {
			isa = XCConfigurationList;
			buildConfigurations = (
				DFE330A619A97BE800819096 /* Debug */,
				DFE330A719A97BE800819096 /* Release */,
			);
			defaultConfigurationIsVisible = 0;
			defaultConfigurationName = Release;
		};
		DFE330A819A97BE800819096 /* Build configuration list for PBXNativeTarget "LocationTests" */ = {
			isa = XCConfigurationList;
			buildConfigurations = (
				DFE330A919A97BE800819096 /* Debug */,
				DFE330AA19A97BE800819096 /* Release */,
			);
			defaultConfigurationIsVisible = 0;
			defaultConfigurationName = Release;
		};
/* End XCConfigurationList section */
	};
	rootObject = DFE3307D19A97BE700819096 /* Project object */;
}
