// !$*UTF8*$!
{
	archiveVersion = 1;
	classes = {
	};
	objectVersion = 46;
	objects = {

/* Begin PBXBuildFile section */
		DF41F2E319A3904B0098651E /* AddToDoItemViewController.m in Sources */ = {isa = PBXBuildFile; fileRef = DF41F2E219A3904B0098651E /* AddToDoItemViewController.m */; };
		DF41F2E619A393150098651E /* ToDoListTableViewController.m in Sources */ = {isa = PBXBuildFile; fileRef = DF41F2E519A393150098651E /* ToDoListTableViewController.m */; };
		DFE3304619A4EA1400819096 /* ToDoItem.m in Sources */ = {isa = PBXBuildFile; fileRef = DFE3304519A4EA1400819096 /* ToDoItem.m */; };
		DFF352DE199FB72300226DB4 /* main.m in Sources */ = {isa = PBXBuildFile; fileRef = DFF352DD199FB72300226DB4 /* main.m */; };
		DFF352E1199FB72300226DB4 /* AppDelegate.m in Sources */ = {isa = PBXBuildFile; fileRef = DFF352E0199FB72300226DB4 /* AppDelegate.m */; };
		DFF352E7199FB72300226DB4 /* Main.storyboard in Resources */ = {isa = PBXBuildFile; fileRef = DFF352E5199FB72300226DB4 /* Main.storyboard */; };
		DFF352E9199FB72300226DB4 /* Images.xcassets in Resources */ = {isa = PBXBuildFile; fileRef = DFF352E8199FB72300226DB4 /* Images.xcassets */; };
		DFF352F5199FB72300226DB4 /* ToDoListTests.m in Sources */ = {isa = PBXBuildFile; fileRef = DFF352F4199FB72300226DB4 /* ToDoListTests.m */; };
/* End PBXBuildFile section */

/* Begin PBXContainerItemProxy section */
		DFF352EF199FB72300226DB4 /* PBXContainerItemProxy */ = {
			isa = PBXContainerItemProxy;
			containerPortal = DFF352D0199FB72300226DB4 /* Project object */;
			proxyType = 1;
			remoteGlobalIDString = DFF352D7199FB72300226DB4;
			remoteInfo = ToDoList;
		};
/* End PBXContainerItemProxy section */

/* Begin PBXFileReference section */
		DF41F2E119A3904B0098651E /* AddToDoItemViewController.h */ = {isa = PBXFileReference; fileEncoding = 4; lastKnownFileType = sourcecode.c.h; path = AddToDoItemViewController.h; sourceTree = "<group>"; };
		DF41F2E219A3904B0098651E /* AddToDoItemViewController.m */ = {isa = PBXFileReference; fileEncoding = 4; lastKnownFileType = sourcecode.c.objc; path = AddToDoItemViewController.m; sourceTree = "<group>"; };
		DF41F2E419A393150098651E /* ToDoListTableViewController.h */ = {isa = PBXFileReference; fileEncoding = 4; lastKnownFileType = sourcecode.c.h; path = ToDoListTableViewController.h; sourceTree = "<group>"; };
		DF41F2E519A393150098651E /* ToDoListTableViewController.m */ = {isa = PBXFileReference; fileEncoding = 4; lastKnownFileType = sourcecode.c.objc; path = ToDoListTableViewController.m; sourceTree = "<group>"; };
		DFE3304419A4EA1400819096 /* ToDoItem.h */ = {isa = PBXFileReference; fileEncoding = 4; lastKnownFileType = sourcecode.c.h; path = ToDoItem.h; sourceTree = "<group>"; };
		DFE3304519A4EA1400819096 /* ToDoItem.m */ = {isa = PBXFileReference; fileEncoding = 4; lastKnownFileType = sourcecode.c.objc; path = ToDoItem.m; sourceTree = "<group>"; };
		DFF352D8199FB72300226DB4 /* ToDoList.app */ = {isa = PBXFileReference; explicitFileType = wrapper.application; includeInIndex = 0; path = ToDoList.app; sourceTree = BUILT_PRODUCTS_DIR; };
		DFF352DC199FB72300226DB4 /* Info.plist */ = {isa = PBXFileReference; lastKnownFileType = text.plist.xml; path = Info.plist; sourceTree = "<group>"; };
		DFF352DD199FB72300226DB4 /* main.m */ = {isa = PBXFileReference; lastKnownFileType = sourcecode.c.objc; path = main.m; sourceTree = "<group>"; };
		DFF352DF199FB72300226DB4 /* AppDelegate.h */ = {isa = PBXFileReference; lastKnownFileType = sourcecode.c.h; path = AppDelegate.h; sourceTree = "<group>"; };
		DFF352E0199FB72300226DB4 /* AppDelegate.m */ = {isa = PBXFileReference; lastKnownFileType = sourcecode.c.objc; path = AppDelegate.m; sourceTree = "<group>"; };
		DFF352E6199FB72300226DB4 /* Base */ = {isa = PBXFileReference; lastKnownFileType = file.storyboard; name = Base; path = Base.lproj/Main.storyboard; sourceTree = "<group>"; };
		DFF352E8199FB72300226DB4 /* Images.xcassets */ = {isa = PBXFileReference; lastKnownFileType = folder.assetcatalog; path = Images.xcassets; sourceTree = "<group>"; };
		DFF352EE199FB72300226DB4 /* ToDoListTests.xctest */ = {isa = PBXFileReference; explicitFileType = wrapper.cfbundle; includeInIndex = 0; path = ToDoListTests.xctest; sourceTree = BUILT_PRODUCTS_DIR; };
		DFF352F3199FB72300226DB4 /* Info.plist */ = {isa = PBXFileReference; lastKnownFileType = text.plist.xml; path = Info.plist; sourceTree = "<group>"; };
		DFF352F4199FB72300226DB4 /* ToDoListTests.m */ = {isa = PBXFileReference; lastKnownFileType = sourcecode.c.objc; path = ToDoListTests.m; sourceTree = "<group>"; };
/* End PBXFileReference section */

/* Begin PBXFrameworksBuildPhase section */
		DFF352D5199FB72300226DB4 /* Frameworks */ = {
			isa = PBXFrameworksBuildPhase;
			buildActionMask = 2147483647;
			files = (
			);
			runOnlyForDeploymentPostprocessing = 0;
		};
		DFF352EB199FB72300226DB4 /* Frameworks */ = {
			isa = PBXFrameworksBuildPhase;
			buildActionMask = 2147483647;
			files = (
			);
			runOnlyForDeploymentPostprocessing = 0;
		};
/* End PBXFrameworksBuildPhase section */

/* Begin PBXGroup section */
		DFF352CF199FB72300226DB4 = {
			isa = PBXGroup;
			children = (
				DFF352DA199FB72300226DB4 /* ToDoList */,
				DFF352F1199FB72300226DB4 /* ToDoListTests */,
				DFF352D9199FB72300226DB4 /* Products */,
			);
			sourceTree = "<group>";
		};
		DFF352D9199FB72300226DB4 /* Products */ = {
			isa = PBXGroup;
			children = (
				DFF352D8199FB72300226DB4 /* ToDoList.app */,
				DFF352EE199FB72300226DB4 /* ToDoListTests.xctest */,
			);
			name = Products;
			sourceTree = "<group>";
		};
		DFF352DA199FB72300226DB4 /* ToDoList */ = {
			isa = PBXGroup;
			children = (
				DFF352DF199FB72300226DB4 /* AppDelegate.h */,
				DFF352E0199FB72300226DB4 /* AppDelegate.m */,
				DFF352E5199FB72300226DB4 /* Main.storyboard */,
				DF41F2E119A3904B0098651E /* AddToDoItemViewController.h */,
				DF41F2E219A3904B0098651E /* AddToDoItemViewController.m */,
				DF41F2E419A393150098651E /* ToDoListTableViewController.h */,
				DF41F2E519A393150098651E /* ToDoListTableViewController.m */,
				DFE3304419A4EA1400819096 /* ToDoItem.h */,
				DFE3304519A4EA1400819096 /* ToDoItem.m */,
				DFF352E8199FB72300226DB4 /* Images.xcassets */,
				DFF352DB199FB72300226DB4 /* Supporting Files */,
			);
			path = ToDoList;
			sourceTree = "<group>";
		};
		DFF352DB199FB72300226DB4 /* Supporting Files */ = {
			isa = PBXGroup;
			children = (
				DFF352DC199FB72300226DB4 /* Info.plist */,
				DFF352DD199FB72300226DB4 /* main.m */,
			);
			name = "Supporting Files";
			sourceTree = "<group>";
		};
		DFF352F1199FB72300226DB4 /* ToDoListTests */ = {
			isa = PBXGroup;
			children = (
				DFF352F4199FB72300226DB4 /* ToDoListTests.m */,
				DFF352F2199FB72300226DB4 /* Supporting Files */,
			);
			path = ToDoListTests;
			sourceTree = "<group>";
		};
		DFF352F2199FB72300226DB4 /* Supporting Files */ = {
			isa = PBXGroup;
			children = (
				DFF352F3199FB72300226DB4 /* Info.plist */,
			);
			name = "Supporting Files";
			sourceTree = "<group>";
		};
/* End PBXGroup section */

/* Begin PBXNativeTarget section */
		DFF352D7199FB72300226DB4 /* ToDoList */ = {
			isa = PBXNativeTarget;
			buildConfigurationList = DFF352F8199FB72300226DB4 /* Build configuration list for PBXNativeTarget "ToDoList" */;
			buildPhases = (
				DFF352D4199FB72300226DB4 /* Sources */,
				DFF352D5199FB72300226DB4 /* Frameworks */,
				DFF352D6199FB72300226DB4 /* Resources */,
			);
			buildRules = (
			);
			dependencies = (
			);
			name = ToDoList;
			productName = ToDoList;
			productReference = DFF352D8199FB72300226DB4 /* ToDoList.app */;
			productType = "com.apple.product-type.application";
		};
		DFF352ED199FB72300226DB4 /* ToDoListTests */ = {
			isa = PBXNativeTarget;
			buildConfigurationList = DFF352FB199FB72300226DB4 /* Build configuration list for PBXNativeTarget "ToDoListTests" */;
			buildPhases = (
				DFF352EA199FB72300226DB4 /* Sources */,
				DFF352EB199FB72300226DB4 /* Frameworks */,
				DFF352EC199FB72300226DB4 /* Resources */,
			);
			buildRules = (
			);
			dependencies = (
				DFF352F0199FB72300226DB4 /* PBXTargetDependency */,
			);
			name = ToDoListTests;
			productName = ToDoListTests;
			productReference = DFF352EE199FB72300226DB4 /* ToDoListTests.xctest */;
			productType = "com.apple.product-type.bundle.unit-test";
		};
/* End PBXNativeTarget section */

/* Begin PBXProject section */
		DFF352D0199FB72300226DB4 /* Project object */ = {
			isa = PBXProject;
			attributes = {
				LastUpgradeCheck = 0600;
				ORGANIZATIONNAME = mqchen;
				TargetAttributes = {
					DFF352D7199FB72300226DB4 = {
						CreatedOnToolsVersion = 6.0;
					};
					DFF352ED199FB72300226DB4 = {
						CreatedOnToolsVersion = 6.0;
						TestTargetID = DFF352D7199FB72300226DB4;
					};
				};
			};
			buildConfigurationList = DFF352D3199FB72300226DB4 /* Build configuration list for PBXProject "ToDoList" */;
			compatibilityVersion = "Xcode 3.2";
			developmentRegion = English;
			hasScannedForEncodings = 0;
			knownRegions = (
				en,
				Base,
			);
			mainGroup = DFF352CF199FB72300226DB4;
			productRefGroup = DFF352D9199FB72300226DB4 /* Products */;
			projectDirPath = "";
			projectRoot = "";
			targets = (
				DFF352D7199FB72300226DB4 /* ToDoList */,
				DFF352ED199FB72300226DB4 /* ToDoListTests */,
			);
		};
/* End PBXProject section */

/* Begin PBXResourcesBuildPhase section */
		DFF352D6199FB72300226DB4 /* Resources */ = {
			isa = PBXResourcesBuildPhase;
			buildActionMask = 2147483647;
			files = (
				DFF352E7199FB72300226DB4 /* Main.storyboard in Resources */,
				DFF352E9199FB72300226DB4 /* Images.xcassets in Resources */,
			);
			runOnlyForDeploymentPostprocessing = 0;
		};
		DFF352EC199FB72300226DB4 /* Resources */ = {
			isa = PBXResourcesBuildPhase;
			buildActionMask = 2147483647;
			files = (
			);
			runOnlyForDeploymentPostprocessing = 0;
		};
/* End PBXResourcesBuildPhase section */

/* Begin PBXSourcesBuildPhase section */
		DFF352D4199FB72300226DB4 /* Sources */ = {
			isa = PBXSourcesBuildPhase;
			buildActionMask = 2147483647;
			files = (
				DFF352E1199FB72300226DB4 /* AppDelegate.m in Sources */,
				DFE3304619A4EA1400819096 /* ToDoItem.m in Sources */,
				DFF352DE199FB72300226DB4 /* main.m in Sources */,
				DF41F2E619A393150098651E /* ToDoListTableViewController.m in Sources */,
				DF41F2E319A3904B0098651E /* AddToDoItemViewController.m in Sources */,
			);
			runOnlyForDeploymentPostprocessing = 0;
		};
		DFF352EA199FB72300226DB4 /* Sources */ = {
			isa = PBXSourcesBuildPhase;
			buildActionMask = 2147483647;
			files = (
				DFF352F5199FB72300226DB4 /* ToDoListTests.m in Sources */,
			);
			runOnlyForDeploymentPostprocessing = 0;
		};
/* End PBXSourcesBuildPhase section */

/* Begin PBXTargetDependency section */
		DFF352F0199FB72300226DB4 /* PBXTargetDependency */ = {
			isa = PBXTargetDependency;
			target = DFF352D7199FB72300226DB4 /* ToDoList */;
			targetProxy = DFF352EF199FB72300226DB4 /* PBXContainerItemProxy */;
		};
/* End PBXTargetDependency section */

/* Begin PBXVariantGroup section */
		DFF352E5199FB72300226DB4 /* Main.storyboard */ = {
			isa = PBXVariantGroup;
			children = (
				DFF352E6199FB72300226DB4 /* Base */,
			);
			name = Main.storyboard;
			sourceTree = "<group>";
		};
/* End PBXVariantGroup section */

/* Begin XCBuildConfiguration section */
		DFF352F6199FB72300226DB4 /* Debug */ = {
			isa = XCBuildConfiguration;
			buildSettings = {
				ALWAYS_SEARCH_USER_PATHS = NO;
				CLANG_CXX_LANGUAGE_STANDARD = "gnu++0x";
				CLANG_CXX_LIBRARY = "libc++";
				CLANG_ENABLE_MODULES = YES;
				CLANG_ENABLE_OBJC_ARC = YES;
				CLANG_WARN_BOOL_CONVERSION = YES;
				CLANG_WARN_CONSTANT_CONVERSION = YES;
				CLANG_WARN_DIRECT_OBJC_ISA_USAGE = YES_ERROR;
				CLANG_WARN_EMPTY_BODY = YES;
				CLANG_WARN_ENUM_CONVERSION = YES;
				CLANG_WARN_INT_CONVERSION = YES;
				CLANG_WARN_OBJC_ROOT_CLASS = YES_ERROR;
				CLANG_WARN_UNREACHABLE_CODE = YES;
				CLANG_WARN__DUPLICATE_METHOD_MATCH = YES;
				"CODE_SIGN_IDENTITY[sdk=iphoneos*]" = "iPhone Developer";
				COPY_PHASE_STRIP = NO;
				ENABLE_STRICT_OBJC_MSGSEND = YES;
				GCC_C_LANGUAGE_STANDARD = gnu99;
				GCC_DYNAMIC_NO_PIC = NO;
				GCC_OPTIMIZATION_LEVEL = 0;
				GCC_PREPROCESSOR_DEFINITIONS = (
					"DEBUG=1",
					"$(inherited)",
				);
				GCC_SYMBOLS_PRIVATE_EXTERN = NO;
				GCC_WARN_64_TO_32_BIT_CONVERSION = YES;
				GCC_WARN_ABOUT_RETURN_TYPE = YES_ERROR;
				GCC_WARN_UNDECLARED_SELECTOR = YES;
				GCC_WARN_UNINITIALIZED_AUTOS = YES_AGGRESSIVE;
				GCC_WARN_UNUSED_FUNCTION = YES;
				GCC_WARN_UNUSED_VARIABLE = YES;
				IPHONEOS_DEPLOYMENT_TARGET = 8.0;
				MTL_ENABLE_DEBUG_INFO = YES;
				ONLY_ACTIVE_ARCH = YES;
				SDKROOT = iphoneos;
			};
			name = Debug;
		};
		DFF352F7199FB72300226DB4 /* Release */ = {
			isa = XCBuildConfiguration;
			buildSettings = {
				ALWAYS_SEARCH_USER_PATHS = NO;
				CLANG_CXX_LANGUAGE_STANDARD = "gnu++0x";
				CLANG_CXX_LIBRARY = "libc++";
				CLANG_ENABLE_MODULES = YES;
				CLANG_ENABLE_OBJC_ARC = YES;
				CLANG_WARN_BOOL_CONVERSION = YES;
				CLANG_WARN_CONSTANT_CONVERSION = YES;
				CLANG_WARN_DIRECT_OBJC_ISA_USAGE = YES_ERROR;
				CLANG_WARN_EMPTY_BODY = YES;
				CLANG_WARN_ENUM_CONVERSION = YES;
				CLANG_WARN_INT_CONVERSION = YES;
				CLANG_WARN_OBJC_ROOT_CLASS = YES_ERROR;
				CLANG_WARN_UNREACHABLE_CODE = YES;
				CLANG_WARN__DUPLICATE_METHOD_MATCH = YES;
				"CODE_SIGN_IDENTITY[sdk=iphoneos*]" = "iPhone Developer";
				COPY_PHASE_STRIP = YES;
				ENABLE_NS_ASSERTIONS = NO;
				ENABLE_STRICT_OBJC_MSGSEND = YES;
				GCC_C_LANGUAGE_STANDARD = gnu99;
				GCC_WARN_64_TO_32_BIT_CONVERSION = YES;
				GCC_WARN_ABOUT_RETURN_TYPE = YES_ERROR;
				GCC_WARN_UNDECLARED_SELECTOR = YES;
				GCC_WARN_UNINITIALIZED_AUTOS = YES_AGGRESSIVE;
				GCC_WARN_UNUSED_FUNCTION = YES;
				GCC_WARN_UNUSED_VARIABLE = YES;
				IPHONEOS_DEPLOYMENT_TARGET = 8.0;
				MTL_ENABLE_DEBUG_INFO = NO;
				SDKROOT = iphoneos;
				VALIDATE_PRODUCT = YES;
			};
			name = Release;
		};
		DFF352F9199FB72300226DB4 /* Debug */ = {
			isa = XCBuildConfiguration;
			buildSettings = {
				ASSETCATALOG_COMPILER_APPICON_NAME = AppIcon;
				ASSETCATALOG_COMPILER_LAUNCHIMAGE_NAME = LaunchImage;
				INFOPLIST_FILE = ToDoList/Info.plist;
				IPHONEOS_DEPLOYMENT_TARGET = 7.0;
				LD_RUNPATH_SEARCH_PATHS = "$(inherited) @executable_path/Frameworks";
				PRODUCT_NAME = "$(TARGET_NAME)";
			};
			name = Debug;
		};
		DFF352FA199FB72300226DB4 /* Release */ = {
			isa = XCBuildConfiguration;
			buildSettings = {
				ASSETCATALOG_COMPILER_APPICON_NAME = AppIcon;
				ASSETCATALOG_COMPILER_LAUNCHIMAGE_NAME = LaunchImage;
				INFOPLIST_FILE = ToDoList/Info.plist;
				IPHONEOS_DEPLOYMENT_TARGET = 7.0;
				LD_RUNPATH_SEARCH_PATHS = "$(inherited) @executable_path/Frameworks";
				PRODUCT_NAME = "$(TARGET_NAME)";
			};
			name = Release;
		};
		DFF352FC199FB72300226DB4 /* Debug */ = {
			isa = XCBuildConfiguration;
			buildSettings = {
				BUNDLE_LOADER = "$(TEST_HOST)";
				FRAMEWORK_SEARCH_PATHS = (
					"$(SDKROOT)/Developer/Library/Frameworks",
					"$(inherited)",
				);
				GCC_PREPROCESSOR_DEFINITIONS = (
					"DEBUG=1",
					"$(inherited)",
				);
				INFOPLIST_FILE = ToDoListTests/Info.plist;
				LD_RUNPATH_SEARCH_PATHS = "$(inherited) @executable_path/Frameworks @loader_path/Frameworks";
				PRODUCT_NAME = "$(TARGET_NAME)";
				TEST_HOST = "$(BUILT_PRODUCTS_DIR)/ToDoList.app/ToDoList";
			};
			name = Debug;
		};
		DFF352FD199FB72300226DB4 /* Release */ = {
			isa = XCBuildConfiguration;
			buildSettings = {
				BUNDLE_LOADER = "$(TEST_HOST)";
				FRAMEWORK_SEARCH_PATHS = (
					"$(SDKROOT)/Developer/Library/Frameworks",
					"$(inherited)",
				);
				INFOPLIST_FILE = ToDoListTests/Info.plist;
				LD_RUNPATH_SEARCH_PATHS = "$(inherited) @executable_path/Frameworks @loader_path/Frameworks";
				PRODUCT_NAME = "$(TARGET_NAME)";
				TEST_HOST = "$(BUILT_PRODUCTS_DIR)/ToDoList.app/ToDoList";
			};
			name = Release;
		};
/* End XCBuildConfiguration section */

/* Begin XCConfigurationList section */
		DFF352D3199FB72300226DB4 /* Build configuration list for PBXProject "ToDoList" */ = {
			isa = XCConfigurationList;
			buildConfigurations = (
				DFF352F6199FB72300226DB4 /* Debug */,
				DFF352F7199FB72300226DB4 /* Release */,
			);
			defaultConfigurationIsVisible = 0;
			defaultConfigurationName = Release;
		};
		DFF352F8199FB72300226DB4 /* Build configuration list for PBXNativeTarget "ToDoList" */ = {
			isa = XCConfigurationList;
			buildConfigurations = (
				DFF352F9199FB72300226DB4 /* Debug */,
				DFF352FA199FB72300226DB4 /* Release */,
			);
			defaultConfigurationIsVisible = 0;
			defaultConfigurationName = Release;
		};
		DFF352FB199FB72300226DB4 /* Build configuration list for PBXNativeTarget "ToDoListTests" */ = {
			isa = XCConfigurationList;
			buildConfigurations = (
				DFF352FC199FB72300226DB4 /* Debug */,
				DFF352FD199FB72300226DB4 /* Release */,
			);
			defaultConfigurationIsVisible = 0;
			defaultConfigurationName = Release;
		};
/* End XCConfigurationList section */
	};
	rootObject = DFF352D0199FB72300226DB4 /* Project object */;
}
